
Microsoft Visual Studio Solution File, Format Version 12.00
# Visual Studio Version 16
VisualStudioVersion = 16.0.31515.178
MinimumVisualStudioVersion = 10.0.40219.1
Project("{FAE04EC0-301F-11D3-BF4B-00C04F79EFBC}") = "UnderWorld", "UnderWorld\UnderWorld.csproj", "{9CAA7714-8168-4A12-A55A-75BAE74F35DE}"
EndProject
Global
	GlobalSection(SolutionConfigurationPlatforms) = preSolution
		Debug|Any CPU = Debug|Any CPU
		Release|Any CPU = Release|Any CPU
	EndGlobalSection
	GlobalSection(ProjectConfigurationPlatforms) = postSolution
		{9CAA7714-8168-4A12-A55A-75BAE74F35DE}.Debug|Any CPU.ActiveCfg = Debug|Any CPU
		{9CAA7714-8168-4A12-A55A-75BAE74F35DE}.Debug|Any CPU.Build.0 = Debug|Any CPU
		{9CAA7714-8168-4A12-A55A-75BAE74F35DE}.Release|Any CPU.ActiveCfg = Release|Any CPU
		{9CAA7714-8168-4A12-A55A-75BAE74F35DE}.Release|Any CPU.Build.0 = Release|Any CPU
	EndGlobalSection
	GlobalSection(SolutionProperties) = preSolution
		HideSolutionNode = FALSE
	EndGlobalSection
	GlobalSection(ExtensibilityGlobals) = postSolution
		SolutionGuid = {A3CAEDD1-B8EA-4089-A60D-D4491B160AB0}
	EndGlobalSection
EndGlobal
